
Microsoft Visual Studio Solution File, Format Version 12.00
# Visual Studio Version 17
VisualStudioVersion = 17.9.34728.123
MinimumVisualStudioVersion = 10.0.40219.1
Project("{9A19103F-16F7-4668-BE54-9A1E7A4F7556}") = "TypingWeb.Domain", "TypingWeb.Domain\TypingWeb.Domain.csproj", "{3D65A624-C008-4E0E-8AB2-E29850489661}"
EndProject
Project("{FAE04EC0-301F-11D3-BF4B-00C04F79EFBC}") = "TypingWeb.Auth.Api", "TypingWeb.Auth.Api\TypingWeb.Auth.Api.csproj", "{313C9A71-6ADE-481C-9529-B7824D4E88B4}"
EndProject
Project("{2150E333-8FDC-42A3-9474-1A3956D46DE8}") = "Presentation", "Presentation", "{02EA681E-C7D8-13C7-8484-4AC65E1B71E8}"
EndProject
Project("{FAE04EC0-301F-11D3-BF4B-00C04F79EFBC}") = "TypingWeb.Infrastructure", "TypingWeb.Infrastructure\TypingWeb.Infrastructure.csproj", "{4914C897-E993-4092-BCA7-817DF539ACD9}"
EndProject
Project("{2150E333-8FDC-42A3-9474-1A3956D46DE8}") = "Test", "Test", "{A72A7B21-1299-4A85-8F19-AE8B46682A9D}"
EndProject
Project("{FAE04EC0-301F-11D3-BF4B-00C04F79EFBC}") = "TypingWeb.Common", "TypingWeb.Common\TypingWeb.Common.csproj", "{7E614898-D6CF-4452-8671-7EE7E213E840}"
EndProject
Project("{2150E333-8FDC-42A3-9474-1A3956D46DE8}") = "Application", "Application", "{78AF79E5-07C7-4BD8-8E81-2062AC88C03C}"
EndProject
Project("{FAE04EC0-301F-11D3-BF4B-00C04F79EFBC}") = "TypingWeb.Domain.Abstractions", "TypingWeb.Domain.Abstractions\TypingWeb.Domain.Abstractions.csproj", "{B57B8705-6349-4B37-B5A0-A19FFB219E72}"
EndProject
Project("{2150E333-8FDC-42A3-9474-1A3956D46DE8}") = "Auth", "Auth", "{36FD5196-8974-45AD-A40B-683A4BFCB2B5}"
EndProject
Project("{FAE04EC0-301F-11D3-BF4B-00C04F79EFBC}") = "TypinWeb.Auth.Application", "TypinWeb.Auth.Application\TypinWeb.Auth.Application.csproj", "{F6128C9B-6740-44A0-ACAA-5D7117C68A25}"
EndProject
Project("{FAE04EC0-301F-11D3-BF4B-00C04F79EFBC}") = "TypingWeb.Infrastructure.PostgreSQL.Test", "TypingWeb.Infrastructure.PostgreSQL.Test\TypingWeb.Infrastructure.PostgreSQL.Test.csproj", "{EFC81810-17E9-4F06-A194-5BB90BDF60BE}"
EndProject
Project("{FAE04EC0-301F-11D3-BF4B-00C04F79EFBC}") = "TypingWeb.Aplication", "TypingWeb.Aplication\TypingWeb.Aplication.csproj", "{7C11D4BF-8286-3142-1672-8958759B90D6}"
EndProject
Project("{FAE04EC0-301F-11D3-BF4B-00C04F79EFBC}") = "TypingWeb.IoC", "TypingWeb.IoC\TypingWeb.IoC.csproj", "{71A0EF1C-F632-B834-EB9E-A57EC10CFA61}"
EndProject
Project("{FAE04EC0-301F-11D3-BF4B-00C04F79EFBC}") = "TypingWeb.Presentation.Api", "TypingWeb.Presentation.Api\TypingWeb.Presentation.Api.csproj", "{130E3446-BEBB-9EDA-D340-1BC1593EF767}"
EndProject
Project("{FAE04EC0-301F-11D3-BF4B-00C04F79EFBC}") = "TypingWeb.Infrastructure.PostgreSQL", "TypingWeb.Infrastructure.PostgreSQL\TypingWeb.Infrastructure.PostgreSQL.csproj", "{F4878FEA-8082-3300-11E6-4598D2A6A7AE}"
EndProject
Project("{FAE04EC0-301F-11D3-BF4B-00C04F79EFBC}") = "TypingWeb.Application.Test", "TypingWeb.Application.Test\TypingWeb.Application.Test.csproj", "{23EC80B4-25B3-EE44-35C1-FB554C4E9447}"
EndProject
Global
	GlobalSection(SolutionConfigurationPlatforms) = preSolution
		Debug|Any CPU = Debug|Any CPU
		Release|Any CPU = Release|Any CPU
	EndGlobalSection
	GlobalSection(ProjectConfigurationPlatforms) = postSolution
		{3D65A624-C008-4E0E-8AB2-E29850489661}.Debug|Any CPU.ActiveCfg = Debug|Any CPU
		{3D65A624-C008-4E0E-8AB2-E29850489661}.Debug|Any CPU.Build.0 = Debug|Any CPU
		{3D65A624-C008-4E0E-8AB2-E29850489661}.Release|Any CPU.ActiveCfg = Release|Any CPU
		{3D65A624-C008-4E0E-8AB2-E29850489661}.Release|Any CPU.Build.0 = Release|Any CPU
		{313C9A71-6ADE-481C-9529-B7824D4E88B4}.Debug|Any CPU.ActiveCfg = Debug|Any CPU
		{313C9A71-6ADE-481C-9529-B7824D4E88B4}.Debug|Any CPU.Build.0 = Debug|Any CPU
		{313C9A71-6ADE-481C-9529-B7824D4E88B4}.Release|Any CPU.ActiveCfg = Release|Any CPU
		{313C9A71-6ADE-481C-9529-B7824D4E88B4}.Release|Any CPU.Build.0 = Release|Any CPU
		{4914C897-E993-4092-BCA7-817DF539ACD9}.Debug|Any CPU.ActiveCfg = Debug|Any CPU
		{4914C897-E993-4092-BCA7-817DF539ACD9}.Debug|Any CPU.Build.0 = Debug|Any CPU
		{4914C897-E993-4092-BCA7-817DF539ACD9}.Release|Any CPU.ActiveCfg = Release|Any CPU
		{4914C897-E993-4092-BCA7-817DF539ACD9}.Release|Any CPU.Build.0 = Release|Any CPU
		{7E614898-D6CF-4452-8671-7EE7E213E840}.Debug|Any CPU.ActiveCfg = Debug|Any CPU
		{7E614898-D6CF-4452-8671-7EE7E213E840}.Debug|Any CPU.Build.0 = Debug|Any CPU
		{7E614898-D6CF-4452-8671-7EE7E213E840}.Release|Any CPU.ActiveCfg = Release|Any CPU
		{7E614898-D6CF-4452-8671-7EE7E213E840}.Release|Any CPU.Build.0 = Release|Any CPU
		{B57B8705-6349-4B37-B5A0-A19FFB219E72}.Debug|Any CPU.ActiveCfg = Debug|Any CPU
		{B57B8705-6349-4B37-B5A0-A19FFB219E72}.Debug|Any CPU.Build.0 = Debug|Any CPU
		{B57B8705-6349-4B37-B5A0-A19FFB219E72}.Release|Any CPU.ActiveCfg = Release|Any CPU
		{B57B8705-6349-4B37-B5A0-A19FFB219E72}.Release|Any CPU.Build.0 = Release|Any CPU
		{F6128C9B-6740-44A0-ACAA-5D7117C68A25}.Debug|Any CPU.ActiveCfg = Debug|Any CPU
		{F6128C9B-6740-44A0-ACAA-5D7117C68A25}.Debug|Any CPU.Build.0 = Debug|Any CPU
		{F6128C9B-6740-44A0-ACAA-5D7117C68A25}.Release|Any CPU.ActiveCfg = Release|Any CPU
		{F6128C9B-6740-44A0-ACAA-5D7117C68A25}.Release|Any CPU.Build.0 = Release|Any CPU
		{EFC81810-17E9-4F06-A194-5BB90BDF60BE}.Debug|Any CPU.ActiveCfg = Debug|Any CPU
		{EFC81810-17E9-4F06-A194-5BB90BDF60BE}.Debug|Any CPU.Build.0 = Debug|Any CPU
		{EFC81810-17E9-4F06-A194-5BB90BDF60BE}.Release|Any CPU.ActiveCfg = Release|Any CPU
		{EFC81810-17E9-4F06-A194-5BB90BDF60BE}.Release|Any CPU.Build.0 = Release|Any CPU
		{7C11D4BF-8286-3142-1672-8958759B90D6}.Debug|Any CPU.ActiveCfg = Debug|Any CPU
		{7C11D4BF-8286-3142-1672-8958759B90D6}.Debug|Any CPU.Build.0 = Debug|Any CPU
		{7C11D4BF-8286-3142-1672-8958759B90D6}.Release|Any CPU.ActiveCfg = Release|Any CPU
		{7C11D4BF-8286-3142-1672-8958759B90D6}.Release|Any CPU.Build.0 = Release|Any CPU
		{71A0EF1C-F632-B834-EB9E-A57EC10CFA61}.Debug|Any CPU.ActiveCfg = Debug|Any CPU
		{71A0EF1C-F632-B834-EB9E-A57EC10CFA61}.Debug|Any CPU.Build.0 = Debug|Any CPU
		{71A0EF1C-F632-B834-EB9E-A57EC10CFA61}.Release|Any CPU.ActiveCfg = Release|Any CPU
		{71A0EF1C-F632-B834-EB9E-A57EC10CFA61}.Release|Any CPU.Build.0 = Release|Any CPU
		{130E3446-BEBB-9EDA-D340-1BC1593EF767}.Debug|Any CPU.ActiveCfg = Debug|Any CPU
		{130E3446-BEBB-9EDA-D340-1BC1593EF767}.Debug|Any CPU.Build.0 = Debug|Any CPU
		{130E3446-BEBB-9EDA-D340-1BC1593EF767}.Release|Any CPU.ActiveCfg = Release|Any CPU
		{130E3446-BEBB-9EDA-D340-1BC1593EF767}.Release|Any CPU.Build.0 = Release|Any CPU
		{F4878FEA-8082-3300-11E6-4598D2A6A7AE}.Debug|Any CPU.ActiveCfg = Debug|Any CPU
		{F4878FEA-8082-3300-11E6-4598D2A6A7AE}.Debug|Any CPU.Build.0 = Debug|Any CPU
		{F4878FEA-8082-3300-11E6-4598D2A6A7AE}.Release|Any CPU.ActiveCfg = Release|Any CPU
		{F4878FEA-8082-3300-11E6-4598D2A6A7AE}.Release|Any CPU.Build.0 = Release|Any CPU
		{23EC80B4-25B3-EE44-35C1-FB554C4E9447}.Debug|Any CPU.ActiveCfg = Debug|Any CPU
		{23EC80B4-25B3-EE44-35C1-FB554C4E9447}.Debug|Any CPU.Build.0 = Debug|Any CPU
		{23EC80B4-25B3-EE44-35C1-FB554C4E9447}.Release|Any CPU.ActiveCfg = Release|Any CPU
		{23EC80B4-25B3-EE44-35C1-FB554C4E9447}.Release|Any CPU.Build.0 = Release|Any CPU
	EndGlobalSection
	GlobalSection(SolutionProperties) = preSolution
		HideSolutionNode = FALSE
	EndGlobalSection
	GlobalSection(NestedProjects) = preSolution
		{3D65A624-C008-4E0E-8AB2-E29850489661} = {78AF79E5-07C7-4BD8-8E81-2062AC88C03C}
		{313C9A71-6ADE-481C-9529-B7824D4E88B4} = {02EA681E-C7D8-13C7-8484-4AC65E1B71E8}
		{4914C897-E993-4092-BCA7-817DF539ACD9} = {78AF79E5-07C7-4BD8-8E81-2062AC88C03C}
		{B57B8705-6349-4B37-B5A0-A19FFB219E72} = {78AF79E5-07C7-4BD8-8E81-2062AC88C03C}
		{F6128C9B-6740-44A0-ACAA-5D7117C68A25} = {36FD5196-8974-45AD-A40B-683A4BFCB2B5}
		{EFC81810-17E9-4F06-A194-5BB90BDF60BE} = {A72A7B21-1299-4A85-8F19-AE8B46682A9D}
		{7C11D4BF-8286-3142-1672-8958759B90D6} = {78AF79E5-07C7-4BD8-8E81-2062AC88C03C}
		{71A0EF1C-F632-B834-EB9E-A57EC10CFA61} = {78AF79E5-07C7-4BD8-8E81-2062AC88C03C}
		{130E3446-BEBB-9EDA-D340-1BC1593EF767} = {02EA681E-C7D8-13C7-8484-4AC65E1B71E8}
		{F4878FEA-8082-3300-11E6-4598D2A6A7AE} = {78AF79E5-07C7-4BD8-8E81-2062AC88C03C}
		{23EC80B4-25B3-EE44-35C1-FB554C4E9447} = {A72A7B21-1299-4A85-8F19-AE8B46682A9D}
	EndGlobalSection
	GlobalSection(ExtensibilityGlobals) = postSolution
		SolutionGuid = {91FAC065-0572-4D16-A448-B02C06C80EEE}
	EndGlobalSection
EndGlobal
